<?xml version="1.0" encoding="utf-8"?>
<Project ToolsVersion="4.0" xmlns="http://schemas.microsoft.com/developer/msbuild/2003">
  <ItemGroup>
    <ClCompile Include="..\..\editor\src\shader_compiler\shader_compiler.cpp">
      <Filter>src\shader_compiler</Filter>
    </ClCompile>
    <ClCompile Include="..\..\editor\src\editor_main.cpp">
      <Filter>src</Filter>
    </ClCompile>
    <ClCompile Include="..\..\editor\src\main_window.cpp">
      <Filter>src</Filter>
    </ClCompile>
    <ClCompile Include="..\..\editor\src\project\eproject.cpp">
      <Filter>src\project</Filter>
    </ClCompile>
    <ClCompile Include="..\..\editor\src\assets\asset.cpp">
      <Filter>src\assets</Filter>
    </ClCompile>
    <ClCompile Include="..\..\editor\src\assets\texture_asset.cpp">
      <Filter>src\assets</Filter>
    </ClCompile>
    <ClCompile Include="..\..\editor\src\assets\video_asset.cpp">
      <Filter>src\assets</Filter>
    </ClCompile>
    <ClCompile Include="..\..\editor\src\assets\geometry_asset.cpp">
      <Filter>src\assets</Filter>
    </ClCompile>
    <ClCompile Include="..\..\editor\src\assets\sound_asset.cpp">
      <Filter>src\assets</Filter>
    </ClCompile>
    <ClCompile Include="..\..\editor\src\assets_packed_cache.cpp">
      <Filter>src</Filter>
    </ClCompile>
    <ClCompile Include="..\..\editor\src\assets_packer.cpp">
      <Filter>src</Filter>
    </ClCompile>
    <ClCompile Include="..\..\editor\src\assets_preview_manager.cpp">
      <Filter>src</Filter>
    </ClCompile>
    <ClCompile Include="..\..\editor\src\screens\assets_browser_screen.cpp">
      <Filter>src\screens</Filter>
    </ClCompile>
    <ClCompile Include="..\..\editor\src\screens\editor_screen.cpp">
      <Filter>src\screens</Filter>
    </ClCompile>
    <ClCompile Include="..\..\editor\src\screens\property_editor_screen.cpp">
      <Filter>src\screens</Filter>
    </ClCompile>
    <ClCompile Include="..\..\editor\include\screens\hierarchy_screen.cpp">
      <Filter>src\screens</Filter>
    </ClCompile>
    <ClCompile Include="..\..\editor\src\assets\assets_loader.cpp">
      <Filter>src\assets</Filter>
    </ClCompile>
  </ItemGroup>
  <ItemGroup>
    <ClInclude Include="..\..\editor\include\editor_main.h">
      <Filter>include</Filter>
    </ClInclude>
    <ClInclude Include="..\..\editor\include\main_window.h">
      <Filter>include</Filter>
    </ClInclude>
    <ClInclude Include="..\..\editor\include\shader_compiler\shader_compiler.h">
      <Filter>include\shader_compiler</Filter>
    </ClInclude>
    <ClInclude Include="..\..\editor\include\project\eproject.h">
      <Filter>include\project</Filter>
    </ClInclude>
    <ClInclude Include="..\..\editor\include\project\shader_info.h">
      <Filter>include\project</Filter>
    </ClInclude>
    <ClInclude Include="..\..\editor\include\assets\asset.h">
      <Filter>include\assets</Filter>
    </ClInclude>
    <ClInclude Include="..\..\editor\include\assets\geometry_asset.h">
      <Filter>include\assets</Filter>
    </ClInclude>
    <ClInclude Include="..\..\editor\include\assets\sound_asset.h">
      <Filter>include\assets</Filter>
    </ClInclude>
    <ClInclude Include="..\..\editor\include\assets\texture_asset.h">
      <Filter>include\assets</Filter>
    </ClInclude>
    <ClInclude Include="..\..\editor\include\assets\video_asset.h">
      <Filter>include\assets</Filter>
    </ClInclude>
    <ClInclude Include="..\..\editor\include\assets_packed_cache.h">
      <Filter>include</Filter>
    </ClInclude>
    <ClInclude Include="..\..\editor\include\assets_packer.h">
      <Filter>include</Filter>
    </ClInclude>
    <ClInclude Include="..\..\editor\include\assets_preview_manager.h">
      <Filter>include</Filter>
    </ClInclude>
    <ClInclude Include="..\..\editor\include\screens\editor_screen.h">
      <Filter>include\screens</Filter>
    </ClInclude>
    <ClInclude Include="..\..\editor\include\screens\property_editor_screen.h">
      <Filter>include\screens</Filter>
    </ClInclude>
    <ClInclude Include="..\..\editor\include\screens\assets_browser_screen.h">
      <Filter>include\screens</Filter>
    </ClInclude>
    <ClInclude Include="..\..\editor\include\screens\hierarchy_screen.h">
      <Filter>include\screens</Filter>
    </ClInclude>
    <ClInclude Include="..\..\editor\include\assets\OpenImageLoader.h">
      <Filter>include\assets</Filter>
    </ClInclude>
    <ClInclude Include="..\..\editor\include\assets\FFMPEGLoader.h">
      <Filter>include\assets</Filter>
    </ClInclude>
    <ClInclude Include="..\..\editor\include\assets\AssimpLoader.h">
      <Filter>include\assets</Filter>
    </ClInclude>
    <ClInclude Include="..\..\editor\include\assets\KTXLoader.h">
      <Filter>include\assets</Filter>
    </ClInclude>
    <ClInclude Include="..\..\editor\include\assets\assets_loader.h">
      <Filter>include\assets</Filter>
    </ClInclude>
  </ItemGroup>
  <ItemGroup>
    <Filter Include="src">
      <UniqueIdentifier>{e95fabb1-8f67-42c5-9a2b-bd97d552fe3c}</UniqueIdentifier>
    </Filter>
    <Filter Include="include">
      <UniqueIdentifier>{ecc5bfa3-51f2-46c7-a17a-4f605d8faa08}</UniqueIdentifier>
    </Filter>
    <Filter Include="src\shader_compiler">
      <UniqueIdentifier>{6caf6cd6-76a3-443a-94a5-5a8e495998e1}</UniqueIdentifier>
    </Filter>
    <Filter Include="include\shader_compiler">
      <UniqueIdentifier>{b1b5558d-73ce-4022-8ac9-869cff60f2e6}</UniqueIdentifier>
    </Filter>
    <Filter Include="src\project">
      <UniqueIdentifier>{1b9bdaed-3d65-44ac-ae52-1cbfad76d748}</UniqueIdentifier>
    </Filter>
    <Filter Include="include\project">
      <UniqueIdentifier>{9eddb7cb-479a-4ce7-90ef-8168729e0f89}</UniqueIdentifier>
    </Filter>
    <Filter Include="include\assets">
      <UniqueIdentifier>{a3e58c55-93fe-40d8-9554-8b0a74cad6bf}</UniqueIdentifier>
    </Filter>
    <Filter Include="src\assets">
      <UniqueIdentifier>{22e4954b-7fc7-4a2b-a83c-55e592cc8b0e}</UniqueIdentifier>
    </Filter>
    <Filter Include="src\third_party">
      <UniqueIdentifier>{104a02e6-8f42-43c8-9b0a-99786508327c}</UniqueIdentifier>
    </Filter>
    <Filter Include="src\shaders">
      <UniqueIdentifier>{5b7d3a0a-e99e-4f76-8012-879805db8d1f}</UniqueIdentifier>
    </Filter>
    <Filter Include="include\screens">
      <UniqueIdentifier>{85d8debd-d941-4274-9bd9-a2ba918f4d8b}</UniqueIdentifier>
    </Filter>
    <Filter Include="src\screens">
      <UniqueIdentifier>{c8123b25-1095-455e-80be-1a6ae2135665}</UniqueIdentifier>
    </Filter>
  </ItemGroup>
  <ItemGroup>
    <None Include="vcpkg.json" />
    <None Include="vcpkg-configuration.json" />
  </ItemGroup>
</Project>