<?xml version="1.0" encoding="utf-8"?>
<Project ToolsVersion="4.0" xmlns="http://schemas.microsoft.com/developer/msbuild/2003">
  <ItemGroup>
    <Filter Include="Source Files">
      <UniqueIdentifier>{4FC737F1-C7A5-4376-A066-2A32D752A2FF}</UniqueIdentifier>
      <Extensions>cpp;c;cc;cxx;c++;cppm;ixx;def;odl;idl;hpj;bat;asm;asmx</Extensions>
    </Filter>
    <Filter Include="Header Files">
      <UniqueIdentifier>{93995380-89BD-4b04-88EB-625FBE52EBFB}</UniqueIdentifier>
      <Extensions>h;hh;hpp;hxx;h++;hm;inl;inc;ipp;xsd</Extensions>
    </Filter>
    <Filter Include="Resource Files">
      <UniqueIdentifier>{67DA6AB6-F800-4c08-8B7A-83BB121AAD01}</UniqueIdentifier>
      <Extensions>rc;ico;cur;bmp;dlg;rc2;rct;bin;rgs;gif;jpg;jpeg;jpe;resx;tiff;tif;png;wav;mfcribbon-ms</Extensions>
    </Filter>
    <Filter Include="Source Files\os">
      <UniqueIdentifier>{09fcce10-287b-436a-950e-fe468f24880a}</UniqueIdentifier>
    </Filter>
    <Filter Include="Source Files\os\windows">
      <UniqueIdentifier>{be2704ee-3760-44a3-a214-33825e0b0e71}</UniqueIdentifier>
    </Filter>
    <Filter Include="Source Files\os\android">
      <UniqueIdentifier>{556b3d07-0110-45fe-9187-571820a67048}</UniqueIdentifier>
    </Filter>
    <Filter Include="Source Files\graphics">
      <UniqueIdentifier>{2b972b41-1514-4ac2-ba7c-6b496f416270}</UniqueIdentifier>
    </Filter>
    <Filter Include="Source Files\rendering">
      <UniqueIdentifier>{853e0af1-b5ce-4ac3-9f92-9c87230f3ee6}</UniqueIdentifier>
    </Filter>
    <Filter Include="Source Files\rendering\vulkan">
      <UniqueIdentifier>{03e4bf24-308b-4a73-bf94-35eefa783215}</UniqueIdentifier>
    </Filter>
  </ItemGroup>
  <ItemGroup>
    <ClCompile Include="..\..\engine\src\ermy.cpp">
      <Filter>Source Files</Filter>
    </ClCompile>
    <ClCompile Include="..\..\engine\src\static_constraints.cpp">
      <Filter>Source Files</Filter>
    </ClCompile>
    <ClCompile Include="..\..\engine\src\os\windows\win_entry_point.cpp">
      <Filter>Source Files\os\windows</Filter>
    </ClCompile>
    <ClCompile Include="..\..\engine\src\os\windows\win_utils.cpp">
      <Filter>Source Files\os\windows</Filter>
    </ClCompile>
    <ClCompile Include="..\..\engine\src\os\android\android_entry_point.cpp">
      <Filter>Source Files\os\android</Filter>
    </ClCompile>
    <ClCompile Include="..\..\engine\src\os\android\android_utils.cpp">
      <Filter>Source Files\os\android</Filter>
    </ClCompile>
    <ClCompile Include="..\..\engine\src\application.cpp">
      <Filter>Source Files</Filter>
    </ClCompile>
    <ClCompile Include="..\..\engine\src\logger.cpp">
      <Filter>Source Files</Filter>
    </ClCompile>
    <ClCompile Include="..\..\engine\src\os\windows\win_window.cpp">
      <Filter>Source Files\os\windows</Filter>
    </ClCompile>
    <ClCompile Include="..\..\engine\src\rendering\vulkan\vulkan_interface.cpp">
      <Filter>Source Files\rendering\vulkan</Filter>
    </ClCompile>
    <ClCompile Include="..\..\engine\src\graphics\canvas.cpp">
      <Filter>Source Files\graphics</Filter>
    </ClCompile>
    <ClCompile Include="..\..\engine\src\os\android\android_window.cpp">
      <Filter>Source Files\os\android</Filter>
    </ClCompile>
    <ClCompile Include="..\..\engine\src\rendering\vulkan\ermy_vulkan.cpp">
      <Filter>Source Files\rendering\vulkan</Filter>
    </ClCompile>
  </ItemGroup>
  <ItemGroup>
    <ClInclude Include="..\..\engine\include\ermy.h">
      <Filter>Header Files</Filter>
    </ClInclude>
    <ClInclude Include="..\..\engine\include\ermy_api.h">
      <Filter>Header Files</Filter>
    </ClInclude>
    <ClInclude Include="..\..\engine\include\ermy_entry_point.h">
      <Filter>Header Files</Filter>
    </ClInclude>
    <ClInclude Include="..\..\engine\src\os\os_entry_point.h">
      <Filter>Source Files\os</Filter>
    </ClInclude>
    <ClInclude Include="..\..\engine\src\os\os_utils.h">
      <Filter>Source Files\os</Filter>
    </ClInclude>
    <ClInclude Include="..\..\engine\include\ermy_application.h">
      <Filter>Header Files</Filter>
    </ClInclude>
    <ClInclude Include="..\..\engine\src\os\windows\win_utils.h">
      <Filter>Source Files\os\windows</Filter>
    </ClInclude>
    <ClInclude Include="..\..\engine\include\ermy_log.h">
      <Filter>Header Files</Filter>
    </ClInclude>
    <ClInclude Include="..\..\engine\src\logger.h">
      <Filter>Source Files</Filter>
    </ClInclude>
    <ClInclude Include="..\..\engine\src\os\os.h">
      <Filter>Source Files\os</Filter>
    </ClInclude>
    <ClInclude Include="..\..\engine\src\application.h">
      <Filter>Source Files</Filter>
    </ClInclude>
    <ClInclude Include="..\..\engine\src\os\android\android_utils.h">
      <Filter>Source Files\os\android</Filter>
    </ClInclude>
    <ClInclude Include="..\..\engine\src\rendering\vulkan\vulkan_interface.h">
      <Filter>Source Files\rendering\vulkan</Filter>
    </ClInclude>
    <ClInclude Include="..\..\engine\src\graphics\canvas.h">
      <Filter>Source Files\graphics</Filter>
    </ClInclude>
    <ClInclude Include="..\..\engine\src\rendering\vulkan\ermy_vulkan.h">
      <Filter>Source Files\rendering\vulkan</Filter>
    </ClInclude>
  </ItemGroup>
</Project>