<?xml version="1.0" encoding="utf-8"?>
<Project ToolsVersion="4.0" xmlns="http://schemas.microsoft.com/developer/msbuild/2003">
  <ItemGroup>
    <Filter Include="Source Files">
      <UniqueIdentifier>{4FC737F1-C7A5-4376-A066-2A32D752A2FF}</UniqueIdentifier>
      <Extensions>cpp;c;cc;cxx;c++;cppm;ixx;def;odl;idl;hpj;bat;asm;asmx</Extensions>
    </Filter>
    <Filter Include="Header Files">
      <UniqueIdentifier>{93995380-89BD-4b04-88EB-625FBE52EBFB}</UniqueIdentifier>
      <Extensions>h;hh;hpp;hxx;h++;hm;inl;inc;ipp;xsd</Extensions>
    </Filter>
    <Filter Include="Resource Files">
      <UniqueIdentifier>{67DA6AB6-F800-4c08-8B7A-83BB121AAD01}</UniqueIdentifier>
      <Extensions>rc;ico;cur;bmp;dlg;rc2;rct;bin;rgs;gif;jpg;jpeg;jpe;resx;tiff;tif;png;wav;mfcribbon-ms</Extensions>
    </Filter>
    <Filter Include="Source Files\os">
      <UniqueIdentifier>{09fcce10-287b-436a-950e-fe468f24880a}</UniqueIdentifier>
    </Filter>
    <Filter Include="Source Files\os\windows">
      <UniqueIdentifier>{be2704ee-3760-44a3-a214-33825e0b0e71}</UniqueIdentifier>
    </Filter>
    <Filter Include="Source Files\os\android">
      <UniqueIdentifier>{556b3d07-0110-45fe-9187-571820a67048}</UniqueIdentifier>
    </Filter>
    <Filter Include="Source Files\graphics">
      <UniqueIdentifier>{2b972b41-1514-4ac2-ba7c-6b496f416270}</UniqueIdentifier>
    </Filter>
    <Filter Include="Source Files\rendering">
      <UniqueIdentifier>{853e0af1-b5ce-4ac3-9f92-9c87230f3ee6}</UniqueIdentifier>
    </Filter>
    <Filter Include="Source Files\rendering\vulkan">
      <UniqueIdentifier>{03e4bf24-308b-4a73-bf94-35eefa783215}</UniqueIdentifier>
    </Filter>
    <Filter Include="Source Files\third_party">
      <UniqueIdentifier>{ecae9fe2-977b-47ea-9a7e-f8778280295d}</UniqueIdentifier>
    </Filter>
    <Filter Include="Source Files\third_party\imgui">
      <UniqueIdentifier>{e098af7c-dea3-417b-b3ac-2b2e008d7827}</UniqueIdentifier>
    </Filter>
    <Filter Include="Source Files\imgui">
      <UniqueIdentifier>{3f57ca13-51db-4126-922b-0734f847c73b}</UniqueIdentifier>
    </Filter>
    <Filter Include="Source Files\rendering\d3d12">
      <UniqueIdentifier>{5f3d7585-866b-4200-9bac-dc0638166fc8}</UniqueIdentifier>
    </Filter>
    <Filter Include="Source Files\rendering\internal_shaders">
      <UniqueIdentifier>{49830a33-f1c3-45ea-b0a4-47d4982f04d4}</UniqueIdentifier>
    </Filter>
    <Filter Include="Source Files\sound">
      <UniqueIdentifier>{f68f688f-1cb2-470b-80fb-5e5986ff45f5}</UniqueIdentifier>
    </Filter>
    <Filter Include="Source Files\scene">
      <UniqueIdentifier>{9529d6b9-afd0-47f8-836b-012ced22c1b4}</UniqueIdentifier>
    </Filter>
    <Filter Include="Source Files\xr">
      <UniqueIdentifier>{93ef0f59-e1b4-4761-b9cc-8d38f5e8fa28}</UniqueIdentifier>
    </Filter>
    <Filter Include="Source Files\xr\openxr">
      <UniqueIdentifier>{78969d93-9a18-4ed6-9af8-bf661d437171}</UniqueIdentifier>
    </Filter>
    <Filter Include="Source Files\xr\apple_reality_kit">
      <UniqueIdentifier>{1e1a3129-3680-49f8-b641-6d4b226a69cd}</UniqueIdentifier>
    </Filter>
  </ItemGroup>
  <ItemGroup>
    <ClCompile Include="..\..\engine\src\ermy.cpp">
      <Filter>Source Files</Filter>
    </ClCompile>
    <ClCompile Include="..\..\engine\src\static_constraints.cpp">
      <Filter>Source Files</Filter>
    </ClCompile>
    <ClCompile Include="..\..\engine\src\os\windows\win_entry_point.cpp">
      <Filter>Source Files\os\windows</Filter>
    </ClCompile>
    <ClCompile Include="..\..\engine\src\os\windows\win_utils.cpp">
      <Filter>Source Files\os\windows</Filter>
    </ClCompile>
    <ClCompile Include="..\..\engine\src\os\android\android_entry_point.cpp">
      <Filter>Source Files\os\android</Filter>
    </ClCompile>
    <ClCompile Include="..\..\engine\src\os\android\android_utils.cpp">
      <Filter>Source Files\os\android</Filter>
    </ClCompile>
    <ClCompile Include="..\..\engine\src\application.cpp">
      <Filter>Source Files</Filter>
    </ClCompile>
    <ClCompile Include="..\..\engine\src\logger.cpp">
      <Filter>Source Files</Filter>
    </ClCompile>
    <ClCompile Include="..\..\engine\src\os\windows\win_window.cpp">
      <Filter>Source Files\os\windows</Filter>
    </ClCompile>
    <ClCompile Include="..\..\engine\src\rendering\vulkan\vulkan_interface.cpp">
      <Filter>Source Files\rendering\vulkan</Filter>
    </ClCompile>
    <ClCompile Include="..\..\engine\src\os\android\android_window.cpp">
      <Filter>Source Files\os\android</Filter>
    </ClCompile>
    <ClCompile Include="..\..\engine\src\rendering\vulkan\ermy_vulkan.cpp">
      <Filter>Source Files\rendering\vulkan</Filter>
    </ClCompile>
    <ClCompile Include="..\..\engine\src\rendering\vulkan\vulkan_swapchain.cpp">
      <Filter>Source Files\rendering\vulkan</Filter>
    </ClCompile>
    <ClCompile Include="..\..\engine\src\rendering\swapchain_interface.cpp">
      <Filter>Source Files\rendering</Filter>
    </ClCompile>
    <ClCompile Include="..\..\third_party\imgui\imgui.cpp">
      <Filter>Source Files\third_party\imgui</Filter>
    </ClCompile>
    <ClCompile Include="..\..\third_party\imgui\imgui_demo.cpp">
      <Filter>Source Files\third_party\imgui</Filter>
    </ClCompile>
    <ClCompile Include="..\..\third_party\imgui\imgui_draw.cpp">
      <Filter>Source Files\third_party\imgui</Filter>
    </ClCompile>
    <ClCompile Include="..\..\third_party\imgui\imgui_tables.cpp">
      <Filter>Source Files\third_party\imgui</Filter>
    </ClCompile>
    <ClCompile Include="..\..\third_party\imgui\imgui_widgets.cpp">
      <Filter>Source Files\third_party\imgui</Filter>
    </ClCompile>
    <ClCompile Include="..\..\engine\src\imgui\ermy_imgui.cpp">
      <Filter>Source Files\imgui</Filter>
    </ClCompile>
    <ClCompile Include="..\..\engine\src\imgui\imgui_interface.cpp">
      <Filter>Source Files\imgui</Filter>
    </ClCompile>
    <ClCompile Include="..\..\engine\src\rendering\framegraph.cpp">
      <Filter>Source Files\rendering</Filter>
    </ClCompile>
    <ClCompile Include="..\..\engine\src\rendering\vulkan\vulkan_framegraph_interface.cpp">
      <Filter>Source Files\rendering\vulkan</Filter>
    </ClCompile>
    <ClCompile Include="..\..\engine\src\rendering\rendering.cpp">
      <Filter>Source Files\rendering</Filter>
    </ClCompile>
    <ClCompile Include="..\..\engine\src\rendering\d3d12\d3d12_interface.cpp">
      <Filter>Source Files\rendering\d3d12</Filter>
    </ClCompile>
    <ClCompile Include="..\..\third_party\D3D12MemoryAllocator\src\D3D12MemAlloc.cpp">
      <Filter>Source Files\rendering\d3d12</Filter>
    </ClCompile>
    <ClCompile Include="..\..\engine\src\rendering\d3d12\d3d12_framegraph_interface.cpp">
      <Filter>Source Files\rendering\d3d12</Filter>
    </ClCompile>
    <ClCompile Include="..\..\engine\src\rendering\d3d12\d3d12_swapchain.cpp">
      <Filter>Source Files\rendering\d3d12</Filter>
    </ClCompile>
    <ClCompile Include="..\..\engine\src\rendering\internal_shaders\dxil.cpp">
      <Filter>Source Files\rendering\internal_shaders</Filter>
    </ClCompile>
    <ClCompile Include="..\..\engine\src\rendering\internal_shaders\spirv.cpp">
      <Filter>Source Files\rendering\internal_shaders</Filter>
    </ClCompile>
    <ClCompile Include="..\..\engine\src\rendering\vulkan\vulkan_rendering.cpp">
      <Filter>Source Files\rendering\vulkan</Filter>
    </ClCompile>
    <ClCompile Include="..\..\engine\src\rendering\d3d12\d3d12_rendering.cpp">
      <Filter>Source Files\rendering\d3d12</Filter>
    </ClCompile>
    <ClCompile Include="..\..\engine\src\rendering\vulkan\vulkan_commandlist.cpp">
      <Filter>Source Files\rendering\vulkan</Filter>
    </ClCompile>
    <ClCompile Include="..\..\engine\src\rendering\d3d12\d3d12_commandlist.cpp">
      <Filter>Source Files\rendering\d3d12</Filter>
    </ClCompile>
    <ClCompile Include="..\..\engine\src\rendering\vulkan\vk_utils.cpp">
      <Filter>Source Files\rendering\vulkan</Filter>
    </ClCompile>
    <ClCompile Include="..\..\engine\src\rendering\d3d12\d3d12_utils.cpp">
      <Filter>Source Files\rendering\d3d12</Filter>
    </ClCompile>
    <ClCompile Include="..\..\engine\src\graphics\canvas_interface.cpp">
      <Filter>Source Files\graphics</Filter>
    </ClCompile>
    <ClCompile Include="..\..\engine\src\profiler.cpp">
      <Filter>Source Files</Filter>
    </ClCompile>
    <ClCompile Include="..\..\engine\src\sound\sound_interface.cpp">
      <Filter>Source Files\sound</Filter>
    </ClCompile>
    <ClCompile Include="..\..\engine\src\sound\sound_interface_miniaudio.cpp">
      <Filter>Source Files\sound</Filter>
    </ClCompile>
    <ClCompile Include="..\..\engine\src\ermy_string_utils.cpp">
      <Filter>Source Files</Filter>
    </ClCompile>
    <ClCompile Include="..\..\engine\include\ermy_commandlist.cpp">
      <Filter>Source Files</Filter>
    </ClCompile>
    <ClCompile Include="..\..\engine\src\ermy_hash_utils.cpp">
      <Filter>Source Files</Filter>
    </ClCompile>
    <ClCompile Include="..\..\engine\src\pak.cpp">
      <Filter>Source Files</Filter>
    </ClCompile>
    <ClCompile Include="..\..\engine\src\scene\scene.cpp">
      <Filter>Source Files\scene</Filter>
    </ClCompile>
    <ClCompile Include="..\..\engine\src\geometry.cpp">
      <Filter>Source Files</Filter>
    </ClCompile>
    <ClCompile Include="..\..\engine\src\xr\openxr\openxr_interface.cpp">
      <Filter>Source Files\xr\openxr</Filter>
    </ClCompile>
    <ClCompile Include="..\..\engine\src\xr\openxr\ermy_openxr.cpp">
      <Filter>Source Files\xr\openxr</Filter>
    </ClCompile>
    <ClCompile Include="..\..\engine\src\rendering\vulkan\VulkanRenderPass.cpp">
      <Filter>Source Files\rendering\vulkan</Filter>
    </ClCompile>
    <ClCompile Include="..\..\engine\src\rendering\format_names.cpp">
      <Filter>Source Files\rendering</Filter>
    </ClCompile>
    <ClCompile Include="..\..\engine\src\ermy_file_utils.cpp">
      <Filter>Source Files</Filter>
    </ClCompile>
    <ClCompile Include="..\..\engine\src\graphics\font_interface.cpp">
      <Filter>Source Files\graphics</Filter>
    </ClCompile>
  </ItemGroup>
  <ItemGroup>
    <ClInclude Include="..\..\engine\include\ermy.h">
      <Filter>Header Files</Filter>
    </ClInclude>
    <ClInclude Include="..\..\engine\include\ermy_api.h">
      <Filter>Header Files</Filter>
    </ClInclude>
    <ClInclude Include="..\..\engine\include\ermy_entry_point.h">
      <Filter>Header Files</Filter>
    </ClInclude>
    <ClInclude Include="..\..\engine\src\os\os_entry_point.h">
      <Filter>Source Files\os</Filter>
    </ClInclude>
    <ClInclude Include="..\..\engine\src\os\os_utils.h">
      <Filter>Source Files\os</Filter>
    </ClInclude>
    <ClInclude Include="..\..\engine\include\ermy_application.h">
      <Filter>Header Files</Filter>
    </ClInclude>
    <ClInclude Include="..\..\engine\src\os\windows\win_utils.h">
      <Filter>Source Files\os\windows</Filter>
    </ClInclude>
    <ClInclude Include="..\..\engine\include\ermy_log.h">
      <Filter>Header Files</Filter>
    </ClInclude>
    <ClInclude Include="..\..\engine\src\logger.h">
      <Filter>Source Files</Filter>
    </ClInclude>
    <ClInclude Include="..\..\engine\src\os\os.h">
      <Filter>Source Files\os</Filter>
    </ClInclude>
    <ClInclude Include="..\..\engine\src\application.h">
      <Filter>Source Files</Filter>
    </ClInclude>
    <ClInclude Include="..\..\engine\src\os\android\android_utils.h">
      <Filter>Source Files\os\android</Filter>
    </ClInclude>
    <ClInclude Include="..\..\engine\src\rendering\vulkan\vulkan_interface.h">
      <Filter>Source Files\rendering\vulkan</Filter>
    </ClInclude>
    <ClInclude Include="..\..\engine\src\rendering\vulkan\ermy_vulkan.h">
      <Filter>Source Files\rendering\vulkan</Filter>
    </ClInclude>
    <ClInclude Include="..\..\engine\src\rendering\rendering_interface.h">
      <Filter>Source Files\rendering</Filter>
    </ClInclude>
    <ClInclude Include="..\..\engine\src\rendering\swapchain_interface.h">
      <Filter>Source Files\rendering</Filter>
    </ClInclude>
    <ClInclude Include="..\..\engine\src\rendering\vulkan\vulkan_swapchain.h">
      <Filter>Source Files\rendering\vulkan</Filter>
    </ClInclude>
    <ClInclude Include="..\..\engine\src\imgui\ermy_imgui.h">
      <Filter>Source Files\imgui</Filter>
    </ClInclude>
    <ClInclude Include="..\..\engine\src\imgui\imgui_interface.h">
      <Filter>Source Files\imgui</Filter>
    </ClInclude>
    <ClInclude Include="..\..\engine\src\rendering\framegraph.h">
      <Filter>Source Files\rendering</Filter>
    </ClInclude>
    <ClInclude Include="..\..\engine\src\rendering\framegraph_interface.h">
      <Filter>Source Files\rendering</Filter>
    </ClInclude>
    <ClInclude Include="..\..\engine\src\rendering\rendering.h">
      <Filter>Source Files\rendering</Filter>
    </ClInclude>
    <ClInclude Include="..\..\engine\src\rendering\d3d12\d3d12_interface.h">
      <Filter>Source Files\rendering\d3d12</Filter>
    </ClInclude>
    <ClInclude Include="..\..\engine\src\rendering\d3d12\d3d12_swapchain.h">
      <Filter>Source Files\rendering\d3d12</Filter>
    </ClInclude>
    <ClInclude Include="..\..\engine\include\ermy_shader.h">
      <Filter>Header Files</Filter>
    </ClInclude>
    <ClInclude Include="..\..\engine\include\ermy_shader_internal.h">
      <Filter>Header Files</Filter>
    </ClInclude>
    <ClInclude Include="..\..\engine\include\ermy_rendering.h">
      <Filter>Header Files</Filter>
    </ClInclude>
    <ClInclude Include="..\..\engine\include\ermy_commandlist.h">
      <Filter>Header Files</Filter>
    </ClInclude>
    <ClInclude Include="..\..\engine\include\ermy_rendergraph.h">
      <Filter>Header Files</Filter>
    </ClInclude>
    <ClInclude Include="..\..\engine\src\rendering\vulkan\vulkan_rendering.h">
      <Filter>Source Files\rendering\vulkan</Filter>
    </ClInclude>
    <ClInclude Include="..\..\engine\src\rendering\vulkan\vk_utils.h">
      <Filter>Source Files\rendering\vulkan</Filter>
    </ClInclude>
    <ClInclude Include="..\..\engine\src\rendering\d3d12\d3d12_rendering.h">
      <Filter>Source Files\rendering\d3d12</Filter>
    </ClInclude>
    <ClInclude Include="..\..\engine\src\rendering\d3d12\d3d12_utils.h">
      <Filter>Source Files\rendering\d3d12</Filter>
    </ClInclude>
    <ClInclude Include="..\..\engine\src\graphics\canvas_interface.h">
      <Filter>Source Files\graphics</Filter>
    </ClInclude>
    <ClInclude Include="..\..\engine\include\ermy_canvas.h">
      <Filter>Header Files</Filter>
    </ClInclude>
    <ClInclude Include="..\..\engine\include\ermy_input.h">
      <Filter>Header Files</Filter>
    </ClInclude>
    <ClInclude Include="..\..\engine\include\ermy_profiler.h">
      <Filter>Header Files</Filter>
    </ClInclude>
    <ClInclude Include="..\..\engine\src\profiler.h">
      <Filter>Source Files</Filter>
    </ClInclude>
    <ClInclude Include="..\..\engine\src\sound\sound_interface.h">
      <Filter>Source Files\sound</Filter>
    </ClInclude>
    <ClInclude Include="..\..\third_party\VulkanMemoryAllocator\include\vk_mem_alloc.h">
      <Filter>Source Files\third_party</Filter>
    </ClInclude>
    <ClInclude Include="..\..\engine\include\ermy_utils.h">
      <Filter>Header Files</Filter>
    </ClInclude>
    <ClInclude Include="..\..\engine\include\ermy_sound.h">
      <Filter>Header Files</Filter>
    </ClInclude>
    <ClInclude Include="..\..\engine\include\ermy_pak.h">
      <Filter>Header Files</Filter>
    </ClInclude>
    <ClInclude Include="..\..\engine\src\pak.h">
      <Filter>Source Files</Filter>
    </ClInclude>
    <ClInclude Include="..\..\engine\include\ermy_os_utils.h">
      <Filter>Header Files</Filter>
    </ClInclude>
    <ClInclude Include="..\..\engine\include\ermy_mapped_reader.h">
      <Filter>Header Files</Filter>
    </ClInclude>
    <ClInclude Include="..\..\engine\include\ermy_mapped_writer.h">
      <Filter>Header Files</Filter>
    </ClInclude>
    <ClInclude Include="..\..\engine\include\ermy_scene.h">
      <Filter>Header Files</Filter>
    </ClInclude>
    <ClInclude Include="..\..\engine\src\scene\scene.h">
      <Filter>Source Files\scene</Filter>
    </ClInclude>
    <ClInclude Include="..\..\engine\include\ermy_geometry.h">
      <Filter>Header Files</Filter>
    </ClInclude>
    <ClInclude Include="..\..\engine\src\xr\xr.h">
      <Filter>Source Files\xr</Filter>
    </ClInclude>
    <ClInclude Include="..\..\engine\src\xr\xr_interface.h">
      <Filter>Source Files\xr</Filter>
    </ClInclude>
    <ClInclude Include="..\..\engine\src\xr\openxr\openxr_interface.h">
      <Filter>Source Files\xr\openxr</Filter>
    </ClInclude>
    <ClInclude Include="..\..\engine\include\ermy_xr.h">
      <Filter>Header Files</Filter>
    </ClInclude>
    <ClInclude Include="..\..\engine\src\xr\openxr\ermy_openxr.h">
      <Filter>Source Files\xr\openxr</Filter>
    </ClInclude>
    <ClInclude Include="..\..\engine\src\rendering\vulkan\VulkanRenderPass.h">
      <Filter>Source Files\rendering\vulkan</Filter>
    </ClInclude>
    <ClInclude Include="..\..\engine\include\ermy_font.h">
      <Filter>Header Files</Filter>
    </ClInclude>
    <ClInclude Include="..\..\engine\src\graphics\font_interface.h">
      <Filter>Source Files\graphics</Filter>
    </ClInclude>
    <ClInclude Include="..\..\engine\src\os\windows\win_gamepads.h">
      <Filter>Source Files\os\windows</Filter>
    </ClInclude>
  </ItemGroup>
  <ItemGroup>
    <None Include="..\..\engine\src\rendering\internal_shaders\internal.slang">
      <Filter>Source Files\rendering\internal_shaders</Filter>
    </None>
    <None Include="..\..\engine\src\rendering\internal_shaders\ermy_base.slang">
      <Filter>Source Files\rendering\internal_shaders</Filter>
    </None>
    <None Include="..\..\engine\src\rendering\internal_shaders\ermy_engine.slang">
      <Filter>Source Files\rendering\internal_shaders</Filter>
    </None>
  </ItemGroup>
</Project>